PODS:
  - AFNetworking (2.4.1):
    - AFNetworking/NSURLConnection (= 2.4.1)
    - AFNetworking/NSURLSession (= 2.4.1)
    - AFNetworking/Reachability (= 2.4.1)
    - AFNetworking/Security (= 2.4.1)
    - AFNetworking/Serialization (= 2.4.1)
    - AFNetworking/UIKit (= 2.4.1)
  - AFNetworking/NSURLConnection (2.4.1):
    - AFNetworking/Reachability
    - AFNetworking/Security
    - AFNetworking/Serialization
  - AFNetworking/NSURLSession (2.4.1):
    - AFNetworking/Reachability
    - AFNetworking/Security
    - AFNetworking/Serialization
  - AFNetworking/Reachability (2.4.1)
  - AFNetworking/Security (2.4.1)
  - AFNetworking/Serialization (2.4.1)
  - AFNetworking/UIKit (2.4.1):
    - AFNetworking/NSURLConnection
    - AFNetworking/NSURLSession
  - APParallaxHeader (0.1.6)
  - DACircularProgress (2.2.0)
  - Google-Mobile-Ads-SDK (6.12.2)
  - GoogleAnalytics-iOS-SDK (3.10):
    - GoogleAnalytics-iOS-SDK/Core (= 3.10)
  - GoogleAnalytics-iOS-SDK/Core (3.10)
  - IDMPhotoBrowser (1.4):
    - AFNetworking
    - DACircularProgress
    - pop
  - iRate (1.11.3)
  - JSQMessagesViewController (6.0.0):
    - JSQSystemSoundPlayer (~> 2.0.0)
  - JSQSystemSoundPlayer (2.0.0)
  - MagicalRecord (2.2):
    - MagicalRecord/Core (= 2.2)
  - MagicalRecord/Core (2.2)
  - MFSideMenu (0.5.5)
  - pop (1.0.7)
  - Reachability (3.1.1)
  - SDWebImage (3.7.1):
    - SDWebImage/Core (= 3.7.1)
  - SDWebImage/Core (3.7.1)
  - SWTableViewCell (0.2.9)
  - TITokenField (0.9.5)
  - UINavigationBar+Addition (1.0.0)

DEPENDENCIES:
  - AFNetworking
  - APParallaxHeader
  - Google-Mobile-Ads-SDK (~> 6.10)
  - GoogleAnalytics-iOS-SDK
  - IDMPhotoBrowser
  - iRate
  - JSQMessagesViewController
  - MagicalRecord
  - MFSideMenu
  - pop (~> 1.0.4)
  - Reachability
  - SDWebImage (~> 3.6)
  - SWTableViewCell (~> 0.2.9)
  - TITokenField
  - UINavigationBar+Addition

SPEC CHECKSUMS:
  AFNetworking: 41d45d2c14219af0fa5addf3cfd433a002c13c9f
  APParallaxHeader: 854bc48a2487ca12c702f8a236fec0d89cdac5c3
  DACircularProgress: 0f92b77239d5f3c612fc66185e2998391ac8e054
  Google-Mobile-Ads-SDK: 40217793219e3466f24cb884d1d44023f37a20ee
  GoogleAnalytics-iOS-SDK: 4f98a376c1d61e6ac4ca47951655820314856eef
  IDMPhotoBrowser: 53dfdb71f4db4567f625954c1f4cdf14871be8d5
  iRate: 09ef501c74ade02013348bc33225ea48f7aa4e55
  JSQMessagesViewController: ce414df02c16eddefdf802dd7e3b767eb0e55573
  JSQSystemSoundPlayer: 74b22f446040c77a0d8f75615ae84125702967c6
  MagicalRecord: f8a56bb87ab6552f20c4bb8681a1958a197ea3cd
  MFSideMenu: 268122e6894f2747fc3a2b48578100b232506c60
  pop: 628ffc631644601567ee8bfaaaea493ebd7d0923
  Reachability: dd9aa4fb6667b9f787690a74f53cb7634ce99893
  SDWebImage: ed3095af2ff88b436426037444979b917f6c5575
  SWTableViewCell: 86b240e0b86074cb42de9f781774310db48cc674
  TITokenField: 39da9ead760009440ffc38602070d2097901430c
  UINavigationBar+Addition: c633d66af2245dfdc97a917c3b20a6db02089f2b

COCOAPODS: 0.37.1
